// !$*UTF8*$!
{
	archiveVersion = 1;
	classes = {
	};
	objectVersion = 46;
	objects = {

/* Begin PBXBuildFile section */
		18757D681C3A591C002E2E6E /* AssetsLibrary.framework in Frameworks */ = {isa = PBXBuildFile; fileRef = 18757D671C3A591C002E2E6E /* AssetsLibrary.framework */; };
		3139C8951C294F2C005AC32C /* AppDelegate.swift in Sources */ = {isa = PBXBuildFile; fileRef = 3139C8941C294F2C005AC32C /* AppDelegate.swift */; };
		3139C89A1C294F2C005AC32C /* Main.storyboard in Resources */ = {isa = PBXBuildFile; fileRef = 3139C8981C294F2C005AC32C /* Main.storyboard */; };
		3139C89C1C294F2C005AC32C /* Assets.xcassets in Resources */ = {isa = PBXBuildFile; fileRef = 3139C89B1C294F2C005AC32C /* Assets.xcassets */; };
		3139C89F1C294F2C005AC32C /* LaunchScreen.storyboard in Resources */ = {isa = PBXBuildFile; fileRef = 3139C89D1C294F2C005AC32C /* LaunchScreen.storyboard */; };
		3139C8A81C294FB4005AC32C /* Accelerate.framework in Frameworks */ = {isa = PBXBuildFile; fileRef = 3139C8A71C294FB4005AC32C /* Accelerate.framework */; };
		3139C8AA1C294FB9005AC32C /* AVFoundation.framework in Frameworks */ = {isa = PBXBuildFile; fileRef = 3139C8A91C294FB9005AC32C /* AVFoundation.framework */; };
		3139C8AC1C294FC1005AC32C /* CoreMedia.framework in Frameworks */ = {isa = PBXBuildFile; fileRef = 3139C8AB1C294FC1005AC32C /* CoreMedia.framework */; };
		3139C8AE1C294FC7005AC32C /* AudioToolbox.framework in Frameworks */ = {isa = PBXBuildFile; fileRef = 3139C8AD1C294FC7005AC32C /* AudioToolbox.framework */; };
		3139C8B01C294FCE005AC32C /* libc++.tbd in Frameworks */ = {isa = PBXBuildFile; fileRef = 3139C8AF1C294FCE005AC32C /* libc++.tbd */; };
		3139C8B21C294FDB005AC32C /* libiconv.tbd in Frameworks */ = {isa = PBXBuildFile; fileRef = 3139C8B11C294FDB005AC32C /* libiconv.tbd */; };
		3155321E1D9418DA001B9440 /* ViewController.swift in Sources */ = {isa = PBXBuildFile; fileRef = 3155321D1D9418DA001B9440 /* ViewController.swift */; };
		315532251D94241C001B9440 /* MicroBlink.bundle in Resources */ = {isa = PBXBuildFile; fileRef = 315532231D94241C001B9440 /* MicroBlink.bundle */; };
		315532261D94241C001B9440 /* MicroBlink.framework in Frameworks */ = {isa = PBXBuildFile; fileRef = 315532241D94241C001B9440 /* MicroBlink.framework */; };
/* End PBXBuildFile section */

/* Begin PBXFileReference section */
		18757D671C3A591C002E2E6E /* AssetsLibrary.framework */ = {isa = PBXFileReference; lastKnownFileType = wrapper.framework; name = AssetsLibrary.framework; path = System/Library/Frameworks/AssetsLibrary.framework; sourceTree = SDKROOT; };
		3139C8911C294F2C005AC32C /* BlinkID-sample-Swift.app */ = {isa = PBXFileReference; explicitFileType = wrapper.application; includeInIndex = 0; path = "BlinkID-sample-Swift.app"; sourceTree = BUILT_PRODUCTS_DIR; };
		3139C8941C294F2C005AC32C /* AppDelegate.swift */ = {isa = PBXFileReference; lastKnownFileType = sourcecode.swift; path = AppDelegate.swift; sourceTree = "<group>"; };
		3139C8991C294F2C005AC32C /* Base */ = {isa = PBXFileReference; lastKnownFileType = file.storyboard; name = Base; path = Base.lproj/Main.storyboard; sourceTree = "<group>"; };
		3139C89B1C294F2C005AC32C /* Assets.xcassets */ = {isa = PBXFileReference; lastKnownFileType = folder.assetcatalog; path = Assets.xcassets; sourceTree = "<group>"; };
		3139C89E1C294F2C005AC32C /* Base */ = {isa = PBXFileReference; lastKnownFileType = file.storyboard; name = Base; path = Base.lproj/LaunchScreen.storyboard; sourceTree = "<group>"; };
		3139C8A01C294F2C005AC32C /* Info.plist */ = {isa = PBXFileReference; lastKnownFileType = text.plist.xml; path = Info.plist; sourceTree = "<group>"; };
		3139C8A71C294FB4005AC32C /* Accelerate.framework */ = {isa = PBXFileReference; lastKnownFileType = wrapper.framework; name = Accelerate.framework; path = System/Library/Frameworks/Accelerate.framework; sourceTree = SDKROOT; };
		3139C8A91C294FB9005AC32C /* AVFoundation.framework */ = {isa = PBXFileReference; lastKnownFileType = wrapper.framework; name = AVFoundation.framework; path = System/Library/Frameworks/AVFoundation.framework; sourceTree = SDKROOT; };
		3139C8AB1C294FC1005AC32C /* CoreMedia.framework */ = {isa = PBXFileReference; lastKnownFileType = wrapper.framework; name = CoreMedia.framework; path = System/Library/Frameworks/CoreMedia.framework; sourceTree = SDKROOT; };
		3139C8AD1C294FC7005AC32C /* AudioToolbox.framework */ = {isa = PBXFileReference; lastKnownFileType = wrapper.framework; name = AudioToolbox.framework; path = System/Library/Frameworks/AudioToolbox.framework; sourceTree = SDKROOT; };
		3139C8AF1C294FCE005AC32C /* libc++.tbd */ = {isa = PBXFileReference; lastKnownFileType = "sourcecode.text-based-dylib-definition"; name = "libc++.tbd"; path = "usr/lib/libc++.tbd"; sourceTree = SDKROOT; };
		3139C8B11C294FDB005AC32C /* libiconv.tbd */ = {isa = PBXFileReference; lastKnownFileType = "sourcecode.text-based-dylib-definition"; name = libiconv.tbd; path = usr/lib/libiconv.tbd; sourceTree = SDKROOT; };
		3155321D1D9418DA001B9440 /* ViewController.swift */ = {isa = PBXFileReference; fileEncoding = 4; lastKnownFileType = sourcecode.swift; path = ViewController.swift; sourceTree = "<group>"; };
		315532231D94241C001B9440 /* MicroBlink.bundle */ = {isa = PBXFileReference; lastKnownFileType = "wrapper.plug-in"; name = MicroBlink.bundle; path = ../../MicroBlink.bundle; sourceTree = "<group>"; };
		315532241D94241C001B9440 /* MicroBlink.framework */ = {isa = PBXFileReference; lastKnownFileType = wrapper.framework; name = MicroBlink.framework; path = ../../MicroBlink.framework; sourceTree = "<group>"; };
/* End PBXFileReference section */

/* Begin PBXFrameworksBuildPhase section */
		3139C88E1C294F2C005AC32C /* Frameworks */ = {
			isa = PBXFrameworksBuildPhase;
			buildActionMask = 2147483647;
			files = (
				3139C8A81C294FB4005AC32C /* Accelerate.framework in Frameworks */,
				3139C8AE1C294FC7005AC32C /* AudioToolbox.framework in Frameworks */,
				315532261D94241C001B9440 /* MicroBlink.framework in Frameworks */,
				18757D681C3A591C002E2E6E /* AssetsLibrary.framework in Frameworks */,
				3139C8AC1C294FC1005AC32C /* CoreMedia.framework in Frameworks */,
				3139C8AA1C294FB9005AC32C /* AVFoundation.framework in Frameworks */,
				3139C8B21C294FDB005AC32C /* libiconv.tbd in Frameworks */,
				3139C8B01C294FCE005AC32C /* libc++.tbd in Frameworks */,
			);
			runOnlyForDeploymentPostprocessing = 0;
		};
/* End PBXFrameworksBuildPhase section */

/* Begin PBXGroup section */
		3139C8881C294F2C005AC32C = {
			isa = PBXGroup;
			children = (
				3139C8931C294F2C005AC32C /* BlinkID-sample-Swift */,
				3139C8A61C294FAA005AC32C /* Frameworks */,
				3139C8921C294F2C005AC32C /* Products */,
			);
			sourceTree = "<group>";
		};
		3139C8921C294F2C005AC32C /* Products */ = {
			isa = PBXGroup;
			children = (
				3139C8911C294F2C005AC32C /* BlinkID-sample-Swift.app */,
			);
			name = Products;
			sourceTree = "<group>";
		};
		3139C8931C294F2C005AC32C /* BlinkID-sample-Swift */ = {
			isa = PBXGroup;
			children = (
				3139C8941C294F2C005AC32C /* AppDelegate.swift */,
				3155321D1D9418DA001B9440 /* ViewController.swift */,
				3139C8981C294F2C005AC32C /* Main.storyboard */,
				3139C89B1C294F2C005AC32C /* Assets.xcassets */,
				3139C89D1C294F2C005AC32C /* LaunchScreen.storyboard */,
				3139C8A01C294F2C005AC32C /* Info.plist */,
			);
			path = "BlinkID-sample-Swift";
			sourceTree = "<group>";
		};
		3139C8A61C294FAA005AC32C /* Frameworks */ = {
			isa = PBXGroup;
			children = (
				315532231D94241C001B9440 /* MicroBlink.bundle */,
				315532241D94241C001B9440 /* MicroBlink.framework */,
				3139C8A71C294FB4005AC32C /* Accelerate.framework */,
				3139C8AD1C294FC7005AC32C /* AudioToolbox.framework */,
				18757D671C3A591C002E2E6E /* AssetsLibrary.framework */,
				3139C8A91C294FB9005AC32C /* AVFoundation.framework */,
				3139C8AB1C294FC1005AC32C /* CoreMedia.framework */,
				3139C8B11C294FDB005AC32C /* libiconv.tbd */,
				3139C8AF1C294FCE005AC32C /* libc++.tbd */,
			);
			name = Frameworks;
			sourceTree = "<group>";
		};
/* End PBXGroup section */

/* Begin PBXNativeTarget section */
		3139C8901C294F2C005AC32C /* BlinkID-sample-Swift */ = {
			isa = PBXNativeTarget;
			buildConfigurationList = 3139C8A31C294F2C005AC32C /* Build configuration list for PBXNativeTarget "BlinkID-sample-Swift" */;
			buildPhases = (
				3139C88D1C294F2C005AC32C /* Sources */,
				3139C88E1C294F2C005AC32C /* Frameworks */,
				3139C88F1C294F2C005AC32C /* Resources */,
			);
			buildRules = (
			);
			dependencies = (
			);
			name = "BlinkID-sample-Swift";
			productName = "BlinkID-sample-Swift";
			productReference = 3139C8911C294F2C005AC32C /* BlinkID-sample-Swift.app */;
			productType = "com.apple.product-type.application";
		};
/* End PBXNativeTarget section */

/* Begin PBXProject section */
		3139C8891C294F2C005AC32C /* Project object */ = {
			isa = PBXProject;
			attributes = {
				LastSwiftUpdateCheck = 0720;
				LastUpgradeCheck = 0800;
				ORGANIZATIONNAME = Dino;
				TargetAttributes = {
					3139C8901C294F2C005AC32C = {
						CreatedOnToolsVersion = 7.2;
						DevelopmentTeam = CQTJWP89J7;
						LastSwiftMigration = 0800;
						ProvisioningStyle = Automatic;
					};
				};
			};
			buildConfigurationList = 3139C88C1C294F2C005AC32C /* Build configuration list for PBXProject "BlinkID-sample-Swift" */;
			compatibilityVersion = "Xcode 3.2";
			developmentRegion = English;
			hasScannedForEncodings = 0;
			knownRegions = (
				en,
				Base,
			);
			mainGroup = 3139C8881C294F2C005AC32C;
			productRefGroup = 3139C8921C294F2C005AC32C /* Products */;
			projectDirPath = "";
			projectRoot = "";
			targets = (
				3139C8901C294F2C005AC32C /* BlinkID-sample-Swift */,
			);
		};
/* End PBXProject section */

/* Begin PBXResourcesBuildPhase section */
		3139C88F1C294F2C005AC32C /* Resources */ = {
			isa = PBXResourcesBuildPhase;
			buildActionMask = 2147483647;
			files = (
				3139C89F1C294F2C005AC32C /* LaunchScreen.storyboard in Resources */,
				3139C89C1C294F2C005AC32C /* Assets.xcassets in Resources */,
				3139C89A1C294F2C005AC32C /* Main.storyboard in Resources */,
				315532251D94241C001B9440 /* MicroBlink.bundle in Resources */,
			);
			runOnlyForDeploymentPostprocessing = 0;
		};
/* End PBXResourcesBuildPhase section */

/* Begin PBXSourcesBuildPhase section */
		3139C88D1C294F2C005AC32C /* Sources */ = {
			isa = PBXSourcesBuildPhase;
			buildActionMask = 2147483647;
			files = (
				3155321E1D9418DA001B9440 /* ViewController.swift in Sources */,
				3139C8951C294F2C005AC32C /* AppDelegate.swift in Sources */,
			);
			runOnlyForDeploymentPostprocessing = 0;
		};
/* End PBXSourcesBuildPhase section */

/* Begin PBXVariantGroup section */
		3139C8981C294F2C005AC32C /* Main.storyboard */ = {
			isa = PBXVariantGroup;
			children = (
				3139C8991C294F2C005AC32C /* Base */,
			);
			name = Main.storyboard;
			sourceTree = "<group>";
		};
		3139C89D1C294F2C005AC32C /* LaunchScreen.storyboard */ = {
			isa = PBXVariantGroup;
			children = (
				3139C89E1C294F2C005AC32C /* Base */,
			);
			name = LaunchScreen.storyboard;
			sourceTree = "<group>";
		};
/* End PBXVariantGroup section */

/* Begin XCBuildConfiguration section */
		3139C8A11C294F2C005AC32C /* Debug */ = {
			isa = XCBuildConfiguration;
			buildSettings = {
				ALWAYS_SEARCH_USER_PATHS = NO;
				CLANG_CXX_LANGUAGE_STANDARD = "gnu++0x";
				CLANG_CXX_LIBRARY = "libc++";
				CLANG_ENABLE_MODULES = YES;
				CLANG_ENABLE_OBJC_ARC = YES;
				CLANG_WARN_BOOL_CONVERSION = YES;
				CLANG_WARN_CONSTANT_CONVERSION = YES;
				CLANG_WARN_DIRECT_OBJC_ISA_USAGE = YES_ERROR;
				CLANG_WARN_EMPTY_BODY = YES;
				CLANG_WARN_ENUM_CONVERSION = YES;
				CLANG_WARN_INFINITE_RECURSION = YES;
				CLANG_WARN_INT_CONVERSION = YES;
				CLANG_WARN_OBJC_ROOT_CLASS = YES_ERROR;
				CLANG_WARN_SUSPICIOUS_MOVE = YES;
				CLANG_WARN_UNREACHABLE_CODE = YES;
				CLANG_WARN__DUPLICATE_METHOD_MATCH = YES;
				"CODE_SIGN_IDENTITY[sdk=iphoneos*]" = "iPhone Developer";
				COPY_PHASE_STRIP = NO;
				DEBUG_INFORMATION_FORMAT = dwarf;
				ENABLE_STRICT_OBJC_MSGSEND = YES;
				ENABLE_TESTABILITY = YES;
				FRAMEWORK_SEARCH_PATHS = ../../;
				GCC_C_LANGUAGE_STANDARD = gnu99;
				GCC_DYNAMIC_NO_PIC = NO;
				GCC_NO_COMMON_BLOCKS = YES;
				GCC_OPTIMIZATION_LEVEL = 0;
				GCC_PREPROCESSOR_DEFINITIONS = (
					"DEBUG=1",
					"$(inherited)",
				);
				GCC_WARN_64_TO_32_BIT_CONVERSION = YES;
				GCC_WARN_ABOUT_RETURN_TYPE = YES_ERROR;
				GCC_WARN_UNDECLARED_SELECTOR = YES;
				GCC_WARN_UNINITIALIZED_AUTOS = YES_AGGRESSIVE;
				GCC_WARN_UNUSED_FUNCTION = YES;
				GCC_WARN_UNUSED_VARIABLE = YES;
				IPHONEOS_DEPLOYMENT_TARGET = 9.2;
				MTL_ENABLE_DEBUG_INFO = YES;
				ONLY_ACTIVE_ARCH = YES;
				SDKROOT = iphoneos;
				SWIFT_OPTIMIZATION_LEVEL = "-Onone";
				TARGETED_DEVICE_FAMILY = "1,2";
			};
			name = Debug;
		};
		3139C8A21C294F2C005AC32C /* Release */ = {
			isa = XCBuildConfiguration;
			buildSettings = {
				ALWAYS_SEARCH_USER_PATHS = NO;
				CLANG_CXX_LANGUAGE_STANDARD = "gnu++0x";
				CLANG_CXX_LIBRARY = "libc++";
				CLANG_ENABLE_MODULES = YES;
				CLANG_ENABLE_OBJC_ARC = YES;
				CLANG_WARN_BOOL_CONVERSION = YES;
				CLANG_WARN_CONSTANT_CONVERSION = YES;
				CLANG_WARN_DIRECT_OBJC_ISA_USAGE = YES_ERROR;
				CLANG_WARN_EMPTY_BODY = YES;
				CLANG_WARN_ENUM_CONVERSION = YES;
				CLANG_WARN_INFINITE_RECURSION = YES;
				CLANG_WARN_INT_CONVERSION = YES;
				CLANG_WARN_OBJC_ROOT_CLASS = YES_ERROR;
				CLANG_WARN_SUSPICIOUS_MOVE = YES;
				CLANG_WARN_UNREACHABLE_CODE = YES;
				CLANG_WARN__DUPLICATE_METHOD_MATCH = YES;
				"CODE_SIGN_IDENTITY[sdk=iphoneos*]" = "iPhone Developer";
				COPY_PHASE_STRIP = NO;
				DEBUG_INFORMATION_FORMAT = "dwarf-with-dsym";
				ENABLE_NS_ASSERTIONS = NO;
				ENABLE_STRICT_OBJC_MSGSEND = YES;
				FRAMEWORK_SEARCH_PATHS = ../../;
				GCC_C_LANGUAGE_STANDARD = gnu99;
				GCC_NO_COMMON_BLOCKS = YES;
				GCC_WARN_64_TO_32_BIT_CONVERSION = YES;
				GCC_WARN_ABOUT_RETURN_TYPE = YES_ERROR;
				GCC_WARN_UNDECLARED_SELECTOR = YES;
				GCC_WARN_UNINITIALIZED_AUTOS = YES_AGGRESSIVE;
				GCC_WARN_UNUSED_FUNCTION = YES;
				GCC_WARN_UNUSED_VARIABLE = YES;
				IPHONEOS_DEPLOYMENT_TARGET = 9.2;
				MTL_ENABLE_DEBUG_INFO = NO;
				SDKROOT = iphoneos;
				SWIFT_OPTIMIZATION_LEVEL = "-Owholemodule";
				TARGETED_DEVICE_FAMILY = "1,2";
				VALIDATE_PRODUCT = YES;
			};
			name = Release;
		};
		3139C8A41C294F2C005AC32C /* Debug */ = {
			isa = XCBuildConfiguration;
			buildSettings = {
				ASSETCATALOG_COMPILER_APPICON_NAME = AppIcon;
				"CODE_SIGN_IDENTITY[sdk=iphoneos*]" = "iPhone Developer";
				DEVELOPMENT_TEAM = CQTJWP89J7;
				ENABLE_BITCODE = NO;
				INFOPLIST_FILE = "BlinkID-sample-Swift/Info.plist";
				IPHONEOS_DEPLOYMENT_TARGET = 8.0;
				LD_RUNPATH_SEARCH_PATHS = "$(inherited) @executable_path/Frameworks";
				PRODUCT_BUNDLE_IDENTIFIER = "com.microblink.BlinkID-sample-Swift";
				PRODUCT_NAME = "$(TARGET_NAME)";
				SWIFT_VERSION = 3.0;
			};
			name = Debug;
		};
		3139C8A51C294F2C005AC32C /* Release */ = {
			isa = XCBuildConfiguration;
			buildSettings = {
				ASSETCATALOG_COMPILER_APPICON_NAME = AppIcon;
				"CODE_SIGN_IDENTITY[sdk=iphoneos*]" = "iPhone Developer";
				DEVELOPMENT_TEAM = CQTJWP89J7;
				ENABLE_BITCODE = NO;
				INFOPLIST_FILE = "BlinkID-sample-Swift/Info.plist";
				IPHONEOS_DEPLOYMENT_TARGET = 8.0;
				LD_RUNPATH_SEARCH_PATHS = "$(inherited) @executable_path/Frameworks";
				PRODUCT_BUNDLE_IDENTIFIER = "com.microblink.BlinkID-sample-Swift";
				PRODUCT_NAME = "$(TARGET_NAME)";
				SWIFT_VERSION = 3.0;
			};
			name = Release;
		};
/* End XCBuildConfiguration section */

/* Begin XCConfigurationList section */
		3139C88C1C294F2C005AC32C /* Build configuration list for PBXProject "BlinkID-sample-Swift" */ = {
			isa = XCConfigurationList;
			buildConfigurations = (
				3139C8A11C294F2C005AC32C /* Debug */,
				3139C8A21C294F2C005AC32C /* Release */,
			);
			defaultConfigurationIsVisible = 0;
			defaultConfigurationName = Release;
		};
		3139C8A31C294F2C005AC32C /* Build configuration list for PBXNativeTarget "BlinkID-sample-Swift" */ = {
			isa = XCConfigurationList;
			buildConfigurations = (
				3139C8A41C294F2C005AC32C /* Debug */,
				3139C8A51C294F2C005AC32C /* Release */,
			);
			defaultConfigurationIsVisible = 0;
			defaultConfigurationName = Release;
		};
/* End XCConfigurationList section */
	};
	rootObject = 3139C8891C294F2C005AC32C /* Project object */;
}
