// !$*UTF8*$!
{
	archiveVersion = 1;
	classes = {
	};
	objectVersion = 52;
	objects = {

/* Begin PBXBuildFile section */
		7B65C03E294B9CA200394548 /* BlinkID.xcframework in Frameworks */ = {isa = PBXBuildFile; fileRef = 7B65C03C294B9C9C00394548 /* BlinkID.xcframework */; };
		7B65C03F294B9CA200394548 /* BlinkID.xcframework in Embed Frameworks */ = {isa = PBXBuildFile; fileRef = 7B65C03C294B9C9C00394548 /* BlinkID.xcframework */; settings = {ATTRIBUTES = (CodeSignOnCopy, RemoveHeadersOnCopy, ); }; };
		A2E36049259369CD00246B44 /* AppDelegate.swift in Sources */ = {isa = PBXBuildFile; fileRef = A2E36048259369CD00246B44 /* AppDelegate.swift */; };
		A2E3604B259369CD00246B44 /* SceneDelegate.swift in Sources */ = {isa = PBXBuildFile; fileRef = A2E3604A259369CD00246B44 /* SceneDelegate.swift */; };
		A2E3604D259369CD00246B44 /* ContentView.swift in Sources */ = {isa = PBXBuildFile; fileRef = A2E3604C259369CD00246B44 /* ContentView.swift */; };
		A2E3604F259369CF00246B44 /* Assets.xcassets in Resources */ = {isa = PBXBuildFile; fileRef = A2E3604E259369CF00246B44 /* Assets.xcassets */; };
		A2E36052259369CF00246B44 /* Preview Assets.xcassets in Resources */ = {isa = PBXBuildFile; fileRef = A2E36051259369CF00246B44 /* Preview Assets.xcassets */; };
		A2E36055259369CF00246B44 /* LaunchScreen.storyboard in Resources */ = {isa = PBXBuildFile; fileRef = A2E36053259369CF00246B44 /* LaunchScreen.storyboard */; };
		A2E3606225936A3200246B44 /* Accelerate.framework in Frameworks */ = {isa = PBXBuildFile; fileRef = A2E3606125936A3200246B44 /* Accelerate.framework */; };
		A2E3606425936A3E00246B44 /* AVFoundation.framework in Frameworks */ = {isa = PBXBuildFile; fileRef = A2E3606325936A3E00246B44 /* AVFoundation.framework */; };
		A2E3606625936A4300246B44 /* AudioToolbox.framework in Frameworks */ = {isa = PBXBuildFile; fileRef = A2E3606525936A4300246B44 /* AudioToolbox.framework */; };
		A2E3606825936A4B00246B44 /* CoreMedia.framework in Frameworks */ = {isa = PBXBuildFile; fileRef = A2E3606725936A4B00246B44 /* CoreMedia.framework */; };
		A2E360712593842900246B44 /* BlinkIdViewController.swift in Sources */ = {isa = PBXBuildFile; fileRef = A2E360702593842900246B44 /* BlinkIdViewController.swift */; };
		A2E3607725A35DDC00246B44 /* blinkid-license.txt in Resources */ = {isa = PBXBuildFile; fileRef = A2E3607625A35DDC00246B44 /* blinkid-license.txt */; };
/* End PBXBuildFile section */

/* Begin PBXCopyFilesBuildPhase section */
		A2E3606E25936A5C00246B44 /* Embed Frameworks */ = {
			isa = PBXCopyFilesBuildPhase;
			buildActionMask = 2147483647;
			dstPath = "";
			dstSubfolderSpec = 10;
			files = (
				7B65C03F294B9CA200394548 /* BlinkID.xcframework in Embed Frameworks */,
			);
			name = "Embed Frameworks";
			runOnlyForDeploymentPostprocessing = 0;
		};
/* End PBXCopyFilesBuildPhase section */

/* Begin PBXFileReference section */
		7B65C03C294B9C9C00394548 /* BlinkID.xcframework */ = {isa = PBXFileReference; lastKnownFileType = wrapper.xcframework; name = BlinkID.xcframework; path = ../../BlinkID.xcframework; sourceTree = "<group>"; };
		A2E36045259369CD00246B44 /* BlinkID-sample-SwiftUI.app */ = {isa = PBXFileReference; explicitFileType = wrapper.application; includeInIndex = 0; path = "BlinkID-sample-SwiftUI.app"; sourceTree = BUILT_PRODUCTS_DIR; };
		A2E36048259369CD00246B44 /* AppDelegate.swift */ = {isa = PBXFileReference; lastKnownFileType = sourcecode.swift; path = AppDelegate.swift; sourceTree = "<group>"; };
		A2E3604A259369CD00246B44 /* SceneDelegate.swift */ = {isa = PBXFileReference; lastKnownFileType = sourcecode.swift; path = SceneDelegate.swift; sourceTree = "<group>"; };
		A2E3604C259369CD00246B44 /* ContentView.swift */ = {isa = PBXFileReference; lastKnownFileType = sourcecode.swift; path = ContentView.swift; sourceTree = "<group>"; };
		A2E3604E259369CF00246B44 /* Assets.xcassets */ = {isa = PBXFileReference; lastKnownFileType = folder.assetcatalog; path = Assets.xcassets; sourceTree = "<group>"; };
		A2E36051259369CF00246B44 /* Preview Assets.xcassets */ = {isa = PBXFileReference; lastKnownFileType = folder.assetcatalog; path = "Preview Assets.xcassets"; sourceTree = "<group>"; };
		A2E36054259369CF00246B44 /* Base */ = {isa = PBXFileReference; lastKnownFileType = file.storyboard; name = Base; path = Base.lproj/LaunchScreen.storyboard; sourceTree = "<group>"; };
		A2E36056259369CF00246B44 /* Info.plist */ = {isa = PBXFileReference; lastKnownFileType = text.plist.xml; path = Info.plist; sourceTree = "<group>"; };
		A2E3605E25936A1800246B44 /* libc++.tbd */ = {isa = PBXFileReference; lastKnownFileType = "sourcecode.text-based-dylib-definition"; name = "libc++.tbd"; path = "usr/lib/libc++.tbd"; sourceTree = SDKROOT; };
		A2E3605F25936A2100246B44 /* libz.tbd */ = {isa = PBXFileReference; lastKnownFileType = "sourcecode.text-based-dylib-definition"; name = libz.tbd; path = usr/lib/libz.tbd; sourceTree = SDKROOT; };
		A2E3606025936A2D00246B44 /* libiconv.tbd */ = {isa = PBXFileReference; lastKnownFileType = "sourcecode.text-based-dylib-definition"; name = libiconv.tbd; path = usr/lib/libiconv.tbd; sourceTree = SDKROOT; };
		A2E3606125936A3200246B44 /* Accelerate.framework */ = {isa = PBXFileReference; lastKnownFileType = wrapper.framework; name = Accelerate.framework; path = System/Library/Frameworks/Accelerate.framework; sourceTree = SDKROOT; };
		A2E3606325936A3E00246B44 /* AVFoundation.framework */ = {isa = PBXFileReference; lastKnownFileType = wrapper.framework; name = AVFoundation.framework; path = System/Library/Frameworks/AVFoundation.framework; sourceTree = SDKROOT; };
		A2E3606525936A4300246B44 /* AudioToolbox.framework */ = {isa = PBXFileReference; lastKnownFileType = wrapper.framework; name = AudioToolbox.framework; path = System/Library/Frameworks/AudioToolbox.framework; sourceTree = SDKROOT; };
		A2E3606725936A4B00246B44 /* CoreMedia.framework */ = {isa = PBXFileReference; lastKnownFileType = wrapper.framework; name = CoreMedia.framework; path = System/Library/Frameworks/CoreMedia.framework; sourceTree = SDKROOT; };
		A2E360702593842900246B44 /* BlinkIdViewController.swift */ = {isa = PBXFileReference; lastKnownFileType = sourcecode.swift; path = BlinkIdViewController.swift; sourceTree = "<group>"; };
		A2E3607625A35DDC00246B44 /* blinkid-license.txt */ = {isa = PBXFileReference; fileEncoding = 4; lastKnownFileType = text; path = "blinkid-license.txt"; sourceTree = "<group>"; };
/* End PBXFileReference section */

/* Begin PBXFrameworksBuildPhase section */
		A2E36042259369CD00246B44 /* Frameworks */ = {
			isa = PBXFrameworksBuildPhase;
			buildActionMask = 2147483647;
			files = (
				7B65C03E294B9CA200394548 /* BlinkID.xcframework in Frameworks */,
				A2E3606825936A4B00246B44 /* CoreMedia.framework in Frameworks */,
				A2E3606425936A3E00246B44 /* AVFoundation.framework in Frameworks */,
				A2E3606225936A3200246B44 /* Accelerate.framework in Frameworks */,
				A2E3606625936A4300246B44 /* AudioToolbox.framework in Frameworks */,
			);
			runOnlyForDeploymentPostprocessing = 0;
		};
/* End PBXFrameworksBuildPhase section */

/* Begin PBXGroup section */
		A2E3603C259369CD00246B44 = {
			isa = PBXGroup;
			children = (
				A2E36047259369CD00246B44 /* BlinkID-sample-SwiftUI */,
				A2E36046259369CD00246B44 /* Products */,
				A2E3605D25936A1800246B44 /* Frameworks */,
			);
			sourceTree = "<group>";
		};
		A2E36046259369CD00246B44 /* Products */ = {
			isa = PBXGroup;
			children = (
				A2E36045259369CD00246B44 /* BlinkID-sample-SwiftUI.app */,
			);
			name = Products;
			sourceTree = "<group>";
		};
		A2E36047259369CD00246B44 /* BlinkID-sample-SwiftUI */ = {
			isa = PBXGroup;
			children = (
				A2E3607525A35DDC00246B44 /* License */,
				A2E3606F259383F600246B44 /* BlinkId */,
				A2E36048259369CD00246B44 /* AppDelegate.swift */,
				A2E3604A259369CD00246B44 /* SceneDelegate.swift */,
				A2E3604C259369CD00246B44 /* ContentView.swift */,
				A2E3604E259369CF00246B44 /* Assets.xcassets */,
				A2E36053259369CF00246B44 /* LaunchScreen.storyboard */,
				A2E36056259369CF00246B44 /* Info.plist */,
				A2E36050259369CF00246B44 /* Preview Content */,
			);
			path = "BlinkID-sample-SwiftUI";
			sourceTree = "<group>";
		};
		A2E36050259369CF00246B44 /* Preview Content */ = {
			isa = PBXGroup;
			children = (
				A2E36051259369CF00246B44 /* Preview Assets.xcassets */,
			);
			path = "Preview Content";
			sourceTree = "<group>";
		};
		A2E3605D25936A1800246B44 /* Frameworks */ = {
			isa = PBXGroup;
			children = (
				7B65C03C294B9C9C00394548 /* BlinkID.xcframework */,
				A2E3606725936A4B00246B44 /* CoreMedia.framework */,
				A2E3606525936A4300246B44 /* AudioToolbox.framework */,
				A2E3606325936A3E00246B44 /* AVFoundation.framework */,
				A2E3606125936A3200246B44 /* Accelerate.framework */,
				A2E3606025936A2D00246B44 /* libiconv.tbd */,
				A2E3605F25936A2100246B44 /* libz.tbd */,
				A2E3605E25936A1800246B44 /* libc++.tbd */,
			);
			name = Frameworks;
			sourceTree = "<group>";
		};
		A2E3606F259383F600246B44 /* BlinkId */ = {
			isa = PBXGroup;
			children = (
				A2E360702593842900246B44 /* BlinkIdViewController.swift */,
			);
			path = BlinkId;
			sourceTree = "<group>";
		};
		A2E3607525A35DDC00246B44 /* License */ = {
			isa = PBXGroup;
			children = (
				A2E3607625A35DDC00246B44 /* blinkid-license.txt */,
			);
			name = License;
			path = ../../License;
			sourceTree = "<group>";
		};
/* End PBXGroup section */

/* Begin PBXNativeTarget section */
		A2E36044259369CD00246B44 /* BlinkID-sample-SwiftUI */ = {
			isa = PBXNativeTarget;
			buildConfigurationList = A2E36059259369CF00246B44 /* Build configuration list for PBXNativeTarget "BlinkID-sample-SwiftUI" */;
			buildPhases = (
				A2E36041259369CD00246B44 /* Sources */,
				A2E36042259369CD00246B44 /* Frameworks */,
				A2E36043259369CD00246B44 /* Resources */,
				A2E3606E25936A5C00246B44 /* Embed Frameworks */,
			);
			buildRules = (
			);
			dependencies = (
			);
			name = "BlinkID-sample-SwiftUI";
			productName = "BlinkID-sample-SwiftUI";
			productReference = A2E36045259369CD00246B44 /* BlinkID-sample-SwiftUI.app */;
			productType = "com.apple.product-type.application";
		};
/* End PBXNativeTarget section */

/* Begin PBXProject section */
		A2E3603D259369CD00246B44 /* Project object */ = {
			isa = PBXProject;
			attributes = {
				LastSwiftUpdateCheck = 1220;
				LastUpgradeCheck = 1220;
				TargetAttributes = {
					A2E36044259369CD00246B44 = {
						CreatedOnToolsVersion = 12.2;
					};
				};
			};
			buildConfigurationList = A2E36040259369CD00246B44 /* Build configuration list for PBXProject "BlinkID-sample-SwiftUI" */;
			compatibilityVersion = "Xcode 9.3";
			developmentRegion = en;
			hasScannedForEncodings = 0;
			knownRegions = (
				en,
				Base,
			);
			mainGroup = A2E3603C259369CD00246B44;
			productRefGroup = A2E36046259369CD00246B44 /* Products */;
			projectDirPath = "";
			projectRoot = "";
			targets = (
				A2E36044259369CD00246B44 /* BlinkID-sample-SwiftUI */,
			);
		};
/* End PBXProject section */

/* Begin PBXResourcesBuildPhase section */
		A2E36043259369CD00246B44 /* Resources */ = {
			isa = PBXResourcesBuildPhase;
			buildActionMask = 2147483647;
			files = (
				A2E36055259369CF00246B44 /* LaunchScreen.storyboard in Resources */,
				A2E36052259369CF00246B44 /* Preview Assets.xcassets in Resources */,
				A2E3607725A35DDC00246B44 /* blinkid-license.txt in Resources */,
				A2E3604F259369CF00246B44 /* Assets.xcassets in Resources */,
			);
			runOnlyForDeploymentPostprocessing = 0;
		};
/* End PBXResourcesBuildPhase section */

/* Begin PBXSourcesBuildPhase section */
		A2E36041259369CD00246B44 /* Sources */ = {
			isa = PBXSourcesBuildPhase;
			buildActionMask = 2147483647;
			files = (
				A2E36049259369CD00246B44 /* AppDelegate.swift in Sources */,
				A2E360712593842900246B44 /* BlinkIdViewController.swift in Sources */,
				A2E3604B259369CD00246B44 /* SceneDelegate.swift in Sources */,
				A2E3604D259369CD00246B44 /* ContentView.swift in Sources */,
			);
			runOnlyForDeploymentPostprocessing = 0;
		};
/* End PBXSourcesBuildPhase section */

/* Begin PBXVariantGroup section */
		A2E36053259369CF00246B44 /* LaunchScreen.storyboard */ = {
			isa = PBXVariantGroup;
			children = (
				A2E36054259369CF00246B44 /* Base */,
			);
			name = LaunchScreen.storyboard;
			sourceTree = "<group>";
		};
/* End PBXVariantGroup section */

/* Begin XCBuildConfiguration section */
		A2E36057259369CF00246B44 /* Debug */ = {
			isa = XCBuildConfiguration;
			buildSettings = {
				ALWAYS_SEARCH_USER_PATHS = NO;
				CLANG_ANALYZER_NONNULL = YES;
				CLANG_ANALYZER_NUMBER_OBJECT_CONVERSION = YES_AGGRESSIVE;
				CLANG_CXX_LANGUAGE_STANDARD = "gnu++14";
				CLANG_CXX_LIBRARY = "libc++";
				CLANG_ENABLE_MODULES = YES;
				CLANG_ENABLE_OBJC_ARC = YES;
				CLANG_ENABLE_OBJC_WEAK = YES;
				CLANG_WARN_BLOCK_CAPTURE_AUTORELEASING = YES;
				CLANG_WARN_BOOL_CONVERSION = YES;
				CLANG_WARN_COMMA = YES;
				CLANG_WARN_CONSTANT_CONVERSION = YES;
				CLANG_WARN_DEPRECATED_OBJC_IMPLEMENTATIONS = YES;
				CLANG_WARN_DIRECT_OBJC_ISA_USAGE = YES_ERROR;
				CLANG_WARN_DOCUMENTATION_COMMENTS = YES;
				CLANG_WARN_EMPTY_BODY = YES;
				CLANG_WARN_ENUM_CONVERSION = YES;
				CLANG_WARN_INFINITE_RECURSION = YES;
				CLANG_WARN_INT_CONVERSION = YES;
				CLANG_WARN_NON_LITERAL_NULL_CONVERSION = YES;
				CLANG_WARN_OBJC_IMPLICIT_RETAIN_SELF = YES;
				CLANG_WARN_OBJC_LITERAL_CONVERSION = YES;
				CLANG_WARN_OBJC_ROOT_CLASS = YES_ERROR;
				CLANG_WARN_QUOTED_INCLUDE_IN_FRAMEWORK_HEADER = YES;
				CLANG_WARN_RANGE_LOOP_ANALYSIS = YES;
				CLANG_WARN_STRICT_PROTOTYPES = YES;
				CLANG_WARN_SUSPICIOUS_MOVE = YES;
				CLANG_WARN_UNGUARDED_AVAILABILITY = YES_AGGRESSIVE;
				CLANG_WARN_UNREACHABLE_CODE = YES;
				CLANG_WARN__DUPLICATE_METHOD_MATCH = YES;
				COPY_PHASE_STRIP = NO;
				DEBUG_INFORMATION_FORMAT = dwarf;
				ENABLE_STRICT_OBJC_MSGSEND = YES;
				ENABLE_TESTABILITY = YES;
				GCC_C_LANGUAGE_STANDARD = gnu11;
				GCC_DYNAMIC_NO_PIC = NO;
				GCC_NO_COMMON_BLOCKS = YES;
				GCC_OPTIMIZATION_LEVEL = 0;
				GCC_PREPROCESSOR_DEFINITIONS = (
					"DEBUG=1",
					"$(inherited)",
				);
				GCC_WARN_64_TO_32_BIT_CONVERSION = YES;
				GCC_WARN_ABOUT_RETURN_TYPE = YES_ERROR;
				GCC_WARN_UNDECLARED_SELECTOR = YES;
				GCC_WARN_UNINITIALIZED_AUTOS = YES_AGGRESSIVE;
				GCC_WARN_UNUSED_FUNCTION = YES;
				GCC_WARN_UNUSED_VARIABLE = YES;
				IPHONEOS_DEPLOYMENT_TARGET = 14.2;
				MTL_ENABLE_DEBUG_INFO = INCLUDE_SOURCE;
				MTL_FAST_MATH = YES;
				ONLY_ACTIVE_ARCH = YES;
				SDKROOT = iphoneos;
				SWIFT_ACTIVE_COMPILATION_CONDITIONS = DEBUG;
				SWIFT_OPTIMIZATION_LEVEL = "-Onone";
			};
			name = Debug;
		};
		A2E36058259369CF00246B44 /* Release */ = {
			isa = XCBuildConfiguration;
			buildSettings = {
				ALWAYS_SEARCH_USER_PATHS = NO;
				CLANG_ANALYZER_NONNULL = YES;
				CLANG_ANALYZER_NUMBER_OBJECT_CONVERSION = YES_AGGRESSIVE;
				CLANG_CXX_LANGUAGE_STANDARD = "gnu++14";
				CLANG_CXX_LIBRARY = "libc++";
				CLANG_ENABLE_MODULES = YES;
				CLANG_ENABLE_OBJC_ARC = YES;
				CLANG_ENABLE_OBJC_WEAK = YES;
				CLANG_WARN_BLOCK_CAPTURE_AUTORELEASING = YES;
				CLANG_WARN_BOOL_CONVERSION = YES;
				CLANG_WARN_COMMA = YES;
				CLANG_WARN_CONSTANT_CONVERSION = YES;
				CLANG_WARN_DEPRECATED_OBJC_IMPLEMENTATIONS = YES;
				CLANG_WARN_DIRECT_OBJC_ISA_USAGE = YES_ERROR;
				CLANG_WARN_DOCUMENTATION_COMMENTS = YES;
				CLANG_WARN_EMPTY_BODY = YES;
				CLANG_WARN_ENUM_CONVERSION = YES;
				CLANG_WARN_INFINITE_RECURSION = YES;
				CLANG_WARN_INT_CONVERSION = YES;
				CLANG_WARN_NON_LITERAL_NULL_CONVERSION = YES;
				CLANG_WARN_OBJC_IMPLICIT_RETAIN_SELF = YES;
				CLANG_WARN_OBJC_LITERAL_CONVERSION = YES;
				CLANG_WARN_OBJC_ROOT_CLASS = YES_ERROR;
				CLANG_WARN_QUOTED_INCLUDE_IN_FRAMEWORK_HEADER = YES;
				CLANG_WARN_RANGE_LOOP_ANALYSIS = YES;
				CLANG_WARN_STRICT_PROTOTYPES = YES;
				CLANG_WARN_SUSPICIOUS_MOVE = YES;
				CLANG_WARN_UNGUARDED_AVAILABILITY = YES_AGGRESSIVE;
				CLANG_WARN_UNREACHABLE_CODE = YES;
				CLANG_WARN__DUPLICATE_METHOD_MATCH = YES;
				COPY_PHASE_STRIP = NO;
				DEBUG_INFORMATION_FORMAT = "dwarf-with-dsym";
				ENABLE_NS_ASSERTIONS = NO;
				ENABLE_STRICT_OBJC_MSGSEND = YES;
				GCC_C_LANGUAGE_STANDARD = gnu11;
				GCC_NO_COMMON_BLOCKS = YES;
				GCC_WARN_64_TO_32_BIT_CONVERSION = YES;
				GCC_WARN_ABOUT_RETURN_TYPE = YES_ERROR;
				GCC_WARN_UNDECLARED_SELECTOR = YES;
				GCC_WARN_UNINITIALIZED_AUTOS = YES_AGGRESSIVE;
				GCC_WARN_UNUSED_FUNCTION = YES;
				GCC_WARN_UNUSED_VARIABLE = YES;
				IPHONEOS_DEPLOYMENT_TARGET = 14.2;
				MTL_ENABLE_DEBUG_INFO = NO;
				MTL_FAST_MATH = YES;
				SDKROOT = iphoneos;
				SWIFT_COMPILATION_MODE = wholemodule;
				SWIFT_OPTIMIZATION_LEVEL = "-O";
				VALIDATE_PRODUCT = YES;
			};
			name = Release;
		};
		A2E3605A259369CF00246B44 /* Debug */ = {
			isa = XCBuildConfiguration;
			buildSettings = {
				ASSETCATALOG_COMPILER_APPICON_NAME = AppIcon;
				ASSETCATALOG_COMPILER_GLOBAL_ACCENT_COLOR_NAME = AccentColor;
				CLANG_WARN_QUOTED_INCLUDE_IN_FRAMEWORK_HEADER = NO;
				CODE_SIGN_STYLE = Automatic;
				DEVELOPMENT_ASSET_PATHS = "\"BlinkID-sample-SwiftUI/Preview Content\"";
				DEVELOPMENT_TEAM = CQTJWP89J7;
				ENABLE_PREVIEWS = YES;
				FRAMEWORK_SEARCH_PATHS = ../..;
				INFOPLIST_FILE = "BlinkID-sample-SwiftUI/Info.plist";
				LD_RUNPATH_SEARCH_PATHS = (
					"$(inherited)",
					"@executable_path/Frameworks",
				);
				PRODUCT_BUNDLE_IDENTIFIER = com.microblink.blinkid.sample;
				PRODUCT_NAME = "$(TARGET_NAME)";
				SWIFT_VERSION = 5.0;
				TARGETED_DEVICE_FAMILY = "1,2";
			};
			name = Debug;
		};
		A2E3605B259369CF00246B44 /* Release */ = {
			isa = XCBuildConfiguration;
			buildSettings = {
				ASSETCATALOG_COMPILER_APPICON_NAME = AppIcon;
				ASSETCATALOG_COMPILER_GLOBAL_ACCENT_COLOR_NAME = AccentColor;
				CLANG_WARN_QUOTED_INCLUDE_IN_FRAMEWORK_HEADER = NO;
				CODE_SIGN_STYLE = Automatic;
				DEVELOPMENT_ASSET_PATHS = "\"BlinkID-sample-SwiftUI/Preview Content\"";
				DEVELOPMENT_TEAM = CQTJWP89J7;
				ENABLE_PREVIEWS = YES;
				FRAMEWORK_SEARCH_PATHS = ../..;
				INFOPLIST_FILE = "BlinkID-sample-SwiftUI/Info.plist";
				LD_RUNPATH_SEARCH_PATHS = (
					"$(inherited)",
					"@executable_path/Frameworks",
				);
				PRODUCT_BUNDLE_IDENTIFIER = com.microblink.blinkid.sample;
				PRODUCT_NAME = "$(TARGET_NAME)";
				SWIFT_VERSION = 5.0;
				TARGETED_DEVICE_FAMILY = "1,2";
			};
			name = Release;
		};
/* End XCBuildConfiguration section */

/* Begin XCConfigurationList section */
		A2E36040259369CD00246B44 /* Build configuration list for PBXProject "BlinkID-sample-SwiftUI" */ = {
			isa = XCConfigurationList;
			buildConfigurations = (
				A2E36057259369CF00246B44 /* Debug */,
				A2E36058259369CF00246B44 /* Release */,
			);
			defaultConfigurationIsVisible = 0;
			defaultConfigurationName = Release;
		};
		A2E36059259369CF00246B44 /* Build configuration list for PBXNativeTarget "BlinkID-sample-SwiftUI" */ = {
			isa = XCConfigurationList;
			buildConfigurations = (
				A2E3605A259369CF00246B44 /* Debug */,
				A2E3605B259369CF00246B44 /* Release */,
			);
			defaultConfigurationIsVisible = 0;
			defaultConfigurationName = Release;
		};
/* End XCConfigurationList section */
	};
	rootObject = A2E3603D259369CD00246B44 /* Project object */;
}
