// !$*UTF8*$!
{
	archiveVersion = 1;
	classes = {
	};
	objectVersion = 46;
	objects = {

/* Begin PBXBuildFile section */
		1814BC871C617A490096E063 /* main.m in Sources */ = {isa = PBXBuildFile; fileRef = 1814BC861C617A490096E063 /* main.m */; };
		1814BC8A1C617A490096E063 /* AppDelegate.m in Sources */ = {isa = PBXBuildFile; fileRef = 1814BC891C617A490096E063 /* AppDelegate.m */; };
		1814BC8D1C617A490096E063 /* ViewController.m in Sources */ = {isa = PBXBuildFile; fileRef = 1814BC8C1C617A490096E063 /* ViewController.m */; };
		1814BC901C617A490096E063 /* Main.storyboard in Resources */ = {isa = PBXBuildFile; fileRef = 1814BC8E1C617A490096E063 /* Main.storyboard */; };
		1814BC921C617A490096E063 /* Assets.xcassets in Resources */ = {isa = PBXBuildFile; fileRef = 1814BC911C617A490096E063 /* Assets.xcassets */; };
		1814BC951C617A490096E063 /* LaunchScreen.storyboard in Resources */ = {isa = PBXBuildFile; fileRef = 1814BC931C617A490096E063 /* LaunchScreen.storyboard */; };
		1814BC9F1C617B840096E063 /* MicroBlink.bundle in Resources */ = {isa = PBXBuildFile; fileRef = 1814BC9D1C617B840096E063 /* MicroBlink.bundle */; };
		1814BCA01C617B840096E063 /* MicroBlink.framework in Frameworks */ = {isa = PBXBuildFile; fileRef = 1814BC9E1C617B840096E063 /* MicroBlink.framework */; };
		1814BCA21C617BAD0096E063 /* libc++.tbd in Frameworks */ = {isa = PBXBuildFile; fileRef = 1814BCA11C617BAD0096E063 /* libc++.tbd */; };
		1814BCA41C617BB70096E063 /* Accelerate.framework in Frameworks */ = {isa = PBXBuildFile; fileRef = 1814BCA31C617BB70096E063 /* Accelerate.framework */; };
		1814BCA61C617BBA0096E063 /* libiconv.tbd in Frameworks */ = {isa = PBXBuildFile; fileRef = 1814BCA51C617BBA0096E063 /* libiconv.tbd */; };
/* End PBXBuildFile section */

/* Begin PBXFileReference section */
		1814BC821C617A490096E063 /* MyKad-sample.app */ = {isa = PBXFileReference; explicitFileType = wrapper.application; includeInIndex = 0; path = "MyKad-sample.app"; sourceTree = BUILT_PRODUCTS_DIR; };
		1814BC861C617A490096E063 /* main.m */ = {isa = PBXFileReference; lastKnownFileType = sourcecode.c.objc; path = main.m; sourceTree = "<group>"; };
		1814BC881C617A490096E063 /* AppDelegate.h */ = {isa = PBXFileReference; lastKnownFileType = sourcecode.c.h; path = AppDelegate.h; sourceTree = "<group>"; };
		1814BC891C617A490096E063 /* AppDelegate.m */ = {isa = PBXFileReference; lastKnownFileType = sourcecode.c.objc; path = AppDelegate.m; sourceTree = "<group>"; };
		1814BC8B1C617A490096E063 /* ViewController.h */ = {isa = PBXFileReference; lastKnownFileType = sourcecode.c.h; path = ViewController.h; sourceTree = "<group>"; };
		1814BC8C1C617A490096E063 /* ViewController.m */ = {isa = PBXFileReference; lastKnownFileType = sourcecode.c.objc; path = ViewController.m; sourceTree = "<group>"; };
		1814BC8F1C617A490096E063 /* Base */ = {isa = PBXFileReference; lastKnownFileType = file.storyboard; name = Base; path = Base.lproj/Main.storyboard; sourceTree = "<group>"; };
		1814BC911C617A490096E063 /* Assets.xcassets */ = {isa = PBXFileReference; lastKnownFileType = folder.assetcatalog; path = Assets.xcassets; sourceTree = "<group>"; };
		1814BC941C617A490096E063 /* Base */ = {isa = PBXFileReference; lastKnownFileType = file.storyboard; name = Base; path = Base.lproj/LaunchScreen.storyboard; sourceTree = "<group>"; };
		1814BC961C617A490096E063 /* Info.plist */ = {isa = PBXFileReference; lastKnownFileType = text.plist.xml; path = Info.plist; sourceTree = "<group>"; };
		1814BC9D1C617B840096E063 /* MicroBlink.bundle */ = {isa = PBXFileReference; lastKnownFileType = "wrapper.plug-in"; name = MicroBlink.bundle; path = ../../MicroBlink.bundle; sourceTree = "<group>"; };
		1814BC9E1C617B840096E063 /* MicroBlink.framework */ = {isa = PBXFileReference; lastKnownFileType = wrapper.framework; name = MicroBlink.framework; path = ../../MicroBlink.framework; sourceTree = "<group>"; };
		1814BCA11C617BAD0096E063 /* libc++.tbd */ = {isa = PBXFileReference; lastKnownFileType = "sourcecode.text-based-dylib-definition"; name = "libc++.tbd"; path = "usr/lib/libc++.tbd"; sourceTree = SDKROOT; };
		1814BCA31C617BB70096E063 /* Accelerate.framework */ = {isa = PBXFileReference; lastKnownFileType = wrapper.framework; name = Accelerate.framework; path = System/Library/Frameworks/Accelerate.framework; sourceTree = SDKROOT; };
		1814BCA51C617BBA0096E063 /* libiconv.tbd */ = {isa = PBXFileReference; lastKnownFileType = "sourcecode.text-based-dylib-definition"; name = libiconv.tbd; path = usr/lib/libiconv.tbd; sourceTree = SDKROOT; };
/* End PBXFileReference section */

/* Begin PBXFrameworksBuildPhase section */
		1814BC7F1C617A490096E063 /* Frameworks */ = {
			isa = PBXFrameworksBuildPhase;
			buildActionMask = 2147483647;
			files = (
				1814BCA01C617B840096E063 /* MicroBlink.framework in Frameworks */,
				1814BCA41C617BB70096E063 /* Accelerate.framework in Frameworks */,
				1814BCA61C617BBA0096E063 /* libiconv.tbd in Frameworks */,
				1814BCA21C617BAD0096E063 /* libc++.tbd in Frameworks */,
			);
			runOnlyForDeploymentPostprocessing = 0;
		};
/* End PBXFrameworksBuildPhase section */

/* Begin PBXGroup section */
		1814BC791C617A490096E063 = {
			isa = PBXGroup;
			children = (
				1814BC841C617A490096E063 /* MyKad-sample */,
				1814BC9C1C617B740096E063 /* Frameworks */,
				1814BC831C617A490096E063 /* Products */,
			);
			sourceTree = "<group>";
		};
		1814BC831C617A490096E063 /* Products */ = {
			isa = PBXGroup;
			children = (
				1814BC821C617A490096E063 /* MyKad-sample.app */,
			);
			name = Products;
			sourceTree = "<group>";
		};
		1814BC841C617A490096E063 /* MyKad-sample */ = {
			isa = PBXGroup;
			children = (
				1814BC881C617A490096E063 /* AppDelegate.h */,
				1814BC891C617A490096E063 /* AppDelegate.m */,
				1814BC8B1C617A490096E063 /* ViewController.h */,
				1814BC8C1C617A490096E063 /* ViewController.m */,
				1814BC8E1C617A490096E063 /* Main.storyboard */,
				1814BC911C617A490096E063 /* Assets.xcassets */,
				1814BC931C617A490096E063 /* LaunchScreen.storyboard */,
				1814BC961C617A490096E063 /* Info.plist */,
				1814BC851C617A490096E063 /* Supporting Files */,
			);
			path = "MyKad-sample";
			sourceTree = "<group>";
		};
		1814BC851C617A490096E063 /* Supporting Files */ = {
			isa = PBXGroup;
			children = (
				1814BC861C617A490096E063 /* main.m */,
			);
			name = "Supporting Files";
			sourceTree = "<group>";
		};
		1814BC9C1C617B740096E063 /* Frameworks */ = {
			isa = PBXGroup;
			children = (
				1814BC9E1C617B840096E063 /* MicroBlink.framework */,
				1814BC9D1C617B840096E063 /* MicroBlink.bundle */,
				1814BCA31C617BB70096E063 /* Accelerate.framework */,
				1814BCA51C617BBA0096E063 /* libiconv.tbd */,
				1814BCA11C617BAD0096E063 /* libc++.tbd */,
			);
			name = Frameworks;
			sourceTree = "<group>";
		};
/* End PBXGroup section */

/* Begin PBXNativeTarget section */
		1814BC811C617A490096E063 /* MyKad-sample */ = {
			isa = PBXNativeTarget;
			buildConfigurationList = 1814BC991C617A490096E063 /* Build configuration list for PBXNativeTarget "MyKad-sample" */;
			buildPhases = (
				1814BC7E1C617A490096E063 /* Sources */,
				1814BC7F1C617A490096E063 /* Frameworks */,
				1814BC801C617A490096E063 /* Resources */,
			);
			buildRules = (
			);
			dependencies = (
			);
			name = "MyKad-sample";
			productName = "MyKad-sample";
			productReference = 1814BC821C617A490096E063 /* MyKad-sample.app */;
			productType = "com.apple.product-type.application";
		};
/* End PBXNativeTarget section */

/* Begin PBXProject section */
		1814BC7A1C617A490096E063 /* Project object */ = {
			isa = PBXProject;
			attributes = {
				LastUpgradeCheck = 0720;
				ORGANIZATIONNAME = MicroBlink;
				TargetAttributes = {
					1814BC811C617A490096E063 = {
						CreatedOnToolsVersion = 7.2;
					};
				};
			};
			buildConfigurationList = 1814BC7D1C617A490096E063 /* Build configuration list for PBXProject "MyKad-sample" */;
			compatibilityVersion = "Xcode 3.2";
			developmentRegion = English;
			hasScannedForEncodings = 0;
			knownRegions = (
				en,
				Base,
			);
			mainGroup = 1814BC791C617A490096E063;
			productRefGroup = 1814BC831C617A490096E063 /* Products */;
			projectDirPath = "";
			projectRoot = "";
			targets = (
				1814BC811C617A490096E063 /* MyKad-sample */,
			);
		};
/* End PBXProject section */

/* Begin PBXResourcesBuildPhase section */
		1814BC801C617A490096E063 /* Resources */ = {
			isa = PBXResourcesBuildPhase;
			buildActionMask = 2147483647;
			files = (
				1814BC951C617A490096E063 /* LaunchScreen.storyboard in Resources */,
				1814BC921C617A490096E063 /* Assets.xcassets in Resources */,
				1814BC901C617A490096E063 /* Main.storyboard in Resources */,
				1814BC9F1C617B840096E063 /* MicroBlink.bundle in Resources */,
			);
			runOnlyForDeploymentPostprocessing = 0;
		};
/* End PBXResourcesBuildPhase section */

/* Begin PBXSourcesBuildPhase section */
		1814BC7E1C617A490096E063 /* Sources */ = {
			isa = PBXSourcesBuildPhase;
			buildActionMask = 2147483647;
			files = (
				1814BC8D1C617A490096E063 /* ViewController.m in Sources */,
				1814BC8A1C617A490096E063 /* AppDelegate.m in Sources */,
				1814BC871C617A490096E063 /* main.m in Sources */,
			);
			runOnlyForDeploymentPostprocessing = 0;
		};
/* End PBXSourcesBuildPhase section */

/* Begin PBXVariantGroup section */
		1814BC8E1C617A490096E063 /* Main.storyboard */ = {
			isa = PBXVariantGroup;
			children = (
				1814BC8F1C617A490096E063 /* Base */,
			);
			name = Main.storyboard;
			sourceTree = "<group>";
		};
		1814BC931C617A490096E063 /* LaunchScreen.storyboard */ = {
			isa = PBXVariantGroup;
			children = (
				1814BC941C617A490096E063 /* Base */,
			);
			name = LaunchScreen.storyboard;
			sourceTree = "<group>";
		};
/* End PBXVariantGroup section */

/* Begin XCBuildConfiguration section */
		1814BC971C617A490096E063 /* Debug */ = {
			isa = XCBuildConfiguration;
			buildSettings = {
				ALWAYS_SEARCH_USER_PATHS = NO;
				CLANG_CXX_LANGUAGE_STANDARD = "gnu++0x";
				CLANG_CXX_LIBRARY = "libc++";
				CLANG_ENABLE_MODULES = YES;
				CLANG_ENABLE_OBJC_ARC = YES;
				CLANG_WARN_BOOL_CONVERSION = YES;
				CLANG_WARN_CONSTANT_CONVERSION = YES;
				CLANG_WARN_DIRECT_OBJC_ISA_USAGE = YES_ERROR;
				CLANG_WARN_EMPTY_BODY = YES;
				CLANG_WARN_ENUM_CONVERSION = YES;
				CLANG_WARN_INT_CONVERSION = YES;
				CLANG_WARN_OBJC_ROOT_CLASS = YES_ERROR;
				CLANG_WARN_UNREACHABLE_CODE = YES;
				CLANG_WARN__DUPLICATE_METHOD_MATCH = YES;
				"CODE_SIGN_IDENTITY[sdk=iphoneos*]" = "iPhone Developer";
				COPY_PHASE_STRIP = NO;
				DEBUG_INFORMATION_FORMAT = dwarf;
				ENABLE_STRICT_OBJC_MSGSEND = YES;
				ENABLE_TESTABILITY = YES;
				GCC_C_LANGUAGE_STANDARD = gnu99;
				GCC_DYNAMIC_NO_PIC = NO;
				GCC_NO_COMMON_BLOCKS = YES;
				GCC_OPTIMIZATION_LEVEL = 0;
				GCC_PREPROCESSOR_DEFINITIONS = (
					"DEBUG=1",
					"$(inherited)",
				);
				GCC_WARN_64_TO_32_BIT_CONVERSION = YES;
				GCC_WARN_ABOUT_RETURN_TYPE = YES_ERROR;
				GCC_WARN_UNDECLARED_SELECTOR = YES;
				GCC_WARN_UNINITIALIZED_AUTOS = YES_AGGRESSIVE;
				GCC_WARN_UNUSED_FUNCTION = YES;
				GCC_WARN_UNUSED_VARIABLE = YES;
				IPHONEOS_DEPLOYMENT_TARGET = 9.2;
				MTL_ENABLE_DEBUG_INFO = YES;
				ONLY_ACTIVE_ARCH = YES;
				SDKROOT = iphoneos;
				TARGETED_DEVICE_FAMILY = "1,2";
			};
			name = Debug;
		};
		1814BC981C617A490096E063 /* Release */ = {
			isa = XCBuildConfiguration;
			buildSettings = {
				ALWAYS_SEARCH_USER_PATHS = NO;
				CLANG_CXX_LANGUAGE_STANDARD = "gnu++0x";
				CLANG_CXX_LIBRARY = "libc++";
				CLANG_ENABLE_MODULES = YES;
				CLANG_ENABLE_OBJC_ARC = YES;
				CLANG_WARN_BOOL_CONVERSION = YES;
				CLANG_WARN_CONSTANT_CONVERSION = YES;
				CLANG_WARN_DIRECT_OBJC_ISA_USAGE = YES_ERROR;
				CLANG_WARN_EMPTY_BODY = YES;
				CLANG_WARN_ENUM_CONVERSION = YES;
				CLANG_WARN_INT_CONVERSION = YES;
				CLANG_WARN_OBJC_ROOT_CLASS = YES_ERROR;
				CLANG_WARN_UNREACHABLE_CODE = YES;
				CLANG_WARN__DUPLICATE_METHOD_MATCH = YES;
				"CODE_SIGN_IDENTITY[sdk=iphoneos*]" = "iPhone Developer";
				COPY_PHASE_STRIP = NO;
				DEBUG_INFORMATION_FORMAT = "dwarf-with-dsym";
				ENABLE_NS_ASSERTIONS = NO;
				ENABLE_STRICT_OBJC_MSGSEND = YES;
				GCC_C_LANGUAGE_STANDARD = gnu99;
				GCC_NO_COMMON_BLOCKS = YES;
				GCC_WARN_64_TO_32_BIT_CONVERSION = YES;
				GCC_WARN_ABOUT_RETURN_TYPE = YES_ERROR;
				GCC_WARN_UNDECLARED_SELECTOR = YES;
				GCC_WARN_UNINITIALIZED_AUTOS = YES_AGGRESSIVE;
				GCC_WARN_UNUSED_FUNCTION = YES;
				GCC_WARN_UNUSED_VARIABLE = YES;
				IPHONEOS_DEPLOYMENT_TARGET = 9.2;
				MTL_ENABLE_DEBUG_INFO = NO;
				SDKROOT = iphoneos;
				TARGETED_DEVICE_FAMILY = "1,2";
				VALIDATE_PRODUCT = YES;
			};
			name = Release;
		};
		1814BC9A1C617A490096E063 /* Debug */ = {
			isa = XCBuildConfiguration;
			buildSettings = {
				ASSETCATALOG_COMPILER_APPICON_NAME = AppIcon;
				FRAMEWORK_SEARCH_PATHS = ../../;
				INFOPLIST_FILE = "MyKad-sample/Info.plist";
				IPHONEOS_DEPLOYMENT_TARGET = 8.0;
				LD_RUNPATH_SEARCH_PATHS = "$(inherited) @executable_path/Frameworks";
				PRODUCT_BUNDLE_IDENTIFIER = "com.microblink.MyKad-sample";
				PRODUCT_NAME = "$(TARGET_NAME)";
			};
			name = Debug;
		};
		1814BC9B1C617A490096E063 /* Release */ = {
			isa = XCBuildConfiguration;
			buildSettings = {
				ASSETCATALOG_COMPILER_APPICON_NAME = AppIcon;
				FRAMEWORK_SEARCH_PATHS = ../../;
				INFOPLIST_FILE = "MyKad-sample/Info.plist";
				IPHONEOS_DEPLOYMENT_TARGET = 8.0;
				LD_RUNPATH_SEARCH_PATHS = "$(inherited) @executable_path/Frameworks";
				PRODUCT_BUNDLE_IDENTIFIER = "com.microblink.MyKad-sample";
				PRODUCT_NAME = "$(TARGET_NAME)";
			};
			name = Release;
		};
/* End XCBuildConfiguration section */

/* Begin XCConfigurationList section */
		1814BC7D1C617A490096E063 /* Build configuration list for PBXProject "MyKad-sample" */ = {
			isa = XCConfigurationList;
			buildConfigurations = (
				1814BC971C617A490096E063 /* Debug */,
				1814BC981C617A490096E063 /* Release */,
			);
			defaultConfigurationIsVisible = 0;
			defaultConfigurationName = Release;
		};
		1814BC991C617A490096E063 /* Build configuration list for PBXNativeTarget "MyKad-sample" */ = {
			isa = XCConfigurationList;
			buildConfigurations = (
				1814BC9A1C617A490096E063 /* Debug */,
				1814BC9B1C617A490096E063 /* Release */,
			);
			defaultConfigurationIsVisible = 0;
			defaultConfigurationName = Release;
		};
/* End XCConfigurationList section */
	};
	rootObject = 1814BC7A1C617A490096E063 /* Project object */;
}
