// !$*UTF8*$!
{
	archiveVersion = 1;
	classes = {
	};
	objectVersion = 50;
	objects = {

/* Begin PBXBuildFile section */
		184958E520AD8F4800F27C8D /* MicroBlink.bundle in Resources */ = {isa = PBXBuildFile; fileRef = 184958E320AD8F4800F27C8D /* MicroBlink.bundle */; };
		184958E620AD8F4800F27C8D /* MicroBlink.framework in Frameworks */ = {isa = PBXBuildFile; fileRef = 184958E420AD8F4800F27C8D /* MicroBlink.framework */; };
		184958E720AD8F5600F27C8D /* MicroBlink.framework in Embed Frameworks */ = {isa = PBXBuildFile; fileRef = 184958E420AD8F4800F27C8D /* MicroBlink.framework */; settings = {ATTRIBUTES = (CodeSignOnCopy, RemoveHeadersOnCopy, ); }; };
		A207A4A320A485DF002AEDB0 /* AppDelegate.swift in Sources */ = {isa = PBXBuildFile; fileRef = A207A4A220A485DF002AEDB0 /* AppDelegate.swift */; };
		A207A4A520A485DF002AEDB0 /* ViewController.swift in Sources */ = {isa = PBXBuildFile; fileRef = A207A4A420A485DF002AEDB0 /* ViewController.swift */; };
		A207A4A820A485DF002AEDB0 /* Main.storyboard in Resources */ = {isa = PBXBuildFile; fileRef = A207A4A620A485DF002AEDB0 /* Main.storyboard */; };
		A207A4AA20A485E0002AEDB0 /* Assets.xcassets in Resources */ = {isa = PBXBuildFile; fileRef = A207A4A920A485E0002AEDB0 /* Assets.xcassets */; };
		A207A4AD20A485E0002AEDB0 /* LaunchScreen.storyboard in Resources */ = {isa = PBXBuildFile; fileRef = A207A4AB20A485E0002AEDB0 /* LaunchScreen.storyboard */; };
		A207A4B620A4860A002AEDB0 /* Accelerate.framework in Frameworks */ = {isa = PBXBuildFile; fileRef = A207A4B520A4860A002AEDB0 /* Accelerate.framework */; };
		A207A4B820A4860F002AEDB0 /* AVFoundation.framework in Frameworks */ = {isa = PBXBuildFile; fileRef = A207A4B720A4860F002AEDB0 /* AVFoundation.framework */; };
		A207A4BA20A48616002AEDB0 /* AudioToolbox.framework in Frameworks */ = {isa = PBXBuildFile; fileRef = A207A4B920A48616002AEDB0 /* AudioToolbox.framework */; };
		A207A4BC20A4861D002AEDB0 /* CoreMedia.framework in Frameworks */ = {isa = PBXBuildFile; fileRef = A207A4BB20A4861C002AEDB0 /* CoreMedia.framework */; };
		A207A4BE20A4862D002AEDB0 /* libiconv.tbd in Frameworks */ = {isa = PBXBuildFile; fileRef = A207A4BD20A4862D002AEDB0 /* libiconv.tbd */; };
		A207A4C020A48633002AEDB0 /* libc++.tbd in Frameworks */ = {isa = PBXBuildFile; fileRef = A207A4BF20A48633002AEDB0 /* libc++.tbd */; };
		A207A4C220A4863E002AEDB0 /* libz.tbd in Frameworks */ = {isa = PBXBuildFile; fileRef = A207A4C120A4863E002AEDB0 /* libz.tbd */; };
		A207A4CB20A4866D002AEDB0 /* License in Resources */ = {isa = PBXBuildFile; fileRef = A207A4CA20A4866D002AEDB0 /* License */; };
		A207A4CF20A49237002AEDB0 /* MBCameraViewController.swift in Sources */ = {isa = PBXBuildFile; fileRef = A207A4CE20A49237002AEDB0 /* MBCameraViewController.swift */; };
/* End PBXBuildFile section */

/* Begin PBXCopyFilesBuildPhase section */
		A207A4C920A48650002AEDB0 /* Embed Frameworks */ = {
			isa = PBXCopyFilesBuildPhase;
			buildActionMask = 2147483647;
			dstPath = "";
			dstSubfolderSpec = 10;
			files = (
				184958E720AD8F5600F27C8D /* MicroBlink.framework in Embed Frameworks */,
			);
			name = "Embed Frameworks";
			runOnlyForDeploymentPostprocessing = 0;
		};
/* End PBXCopyFilesBuildPhase section */

/* Begin PBXFileReference section */
		184958E320AD8F4800F27C8D /* MicroBlink.bundle */ = {isa = PBXFileReference; lastKnownFileType = "wrapper.plug-in"; name = MicroBlink.bundle; path = ../../MicroBlink.bundle; sourceTree = "<group>"; };
		184958E420AD8F4800F27C8D /* MicroBlink.framework */ = {isa = PBXFileReference; lastKnownFileType = wrapper.framework; name = MicroBlink.framework; path = ../../MicroBlink.framework; sourceTree = "<group>"; };
		A207A49F20A485DF002AEDB0 /* DirectAPI-sample-Swift.app */ = {isa = PBXFileReference; explicitFileType = wrapper.application; includeInIndex = 0; path = "DirectAPI-sample-Swift.app"; sourceTree = BUILT_PRODUCTS_DIR; };
		A207A4A220A485DF002AEDB0 /* AppDelegate.swift */ = {isa = PBXFileReference; lastKnownFileType = sourcecode.swift; path = AppDelegate.swift; sourceTree = "<group>"; };
		A207A4A420A485DF002AEDB0 /* ViewController.swift */ = {isa = PBXFileReference; lastKnownFileType = sourcecode.swift; path = ViewController.swift; sourceTree = "<group>"; };
		A207A4A720A485DF002AEDB0 /* Base */ = {isa = PBXFileReference; lastKnownFileType = file.storyboard; name = Base; path = Base.lproj/Main.storyboard; sourceTree = "<group>"; };
		A207A4A920A485E0002AEDB0 /* Assets.xcassets */ = {isa = PBXFileReference; lastKnownFileType = folder.assetcatalog; path = Assets.xcassets; sourceTree = "<group>"; };
		A207A4AC20A485E0002AEDB0 /* Base */ = {isa = PBXFileReference; lastKnownFileType = file.storyboard; name = Base; path = Base.lproj/LaunchScreen.storyboard; sourceTree = "<group>"; };
		A207A4AE20A485E0002AEDB0 /* Info.plist */ = {isa = PBXFileReference; lastKnownFileType = text.plist.xml; path = Info.plist; sourceTree = "<group>"; };
		A207A4B520A4860A002AEDB0 /* Accelerate.framework */ = {isa = PBXFileReference; lastKnownFileType = wrapper.framework; name = Accelerate.framework; path = System/Library/Frameworks/Accelerate.framework; sourceTree = SDKROOT; };
		A207A4B720A4860F002AEDB0 /* AVFoundation.framework */ = {isa = PBXFileReference; lastKnownFileType = wrapper.framework; name = AVFoundation.framework; path = System/Library/Frameworks/AVFoundation.framework; sourceTree = SDKROOT; };
		A207A4B920A48616002AEDB0 /* AudioToolbox.framework */ = {isa = PBXFileReference; lastKnownFileType = wrapper.framework; name = AudioToolbox.framework; path = System/Library/Frameworks/AudioToolbox.framework; sourceTree = SDKROOT; };
		A207A4BB20A4861C002AEDB0 /* CoreMedia.framework */ = {isa = PBXFileReference; lastKnownFileType = wrapper.framework; name = CoreMedia.framework; path = System/Library/Frameworks/CoreMedia.framework; sourceTree = SDKROOT; };
		A207A4BD20A4862D002AEDB0 /* libiconv.tbd */ = {isa = PBXFileReference; lastKnownFileType = "sourcecode.text-based-dylib-definition"; name = libiconv.tbd; path = usr/lib/libiconv.tbd; sourceTree = SDKROOT; };
		A207A4BF20A48633002AEDB0 /* libc++.tbd */ = {isa = PBXFileReference; lastKnownFileType = "sourcecode.text-based-dylib-definition"; name = "libc++.tbd"; path = "usr/lib/libc++.tbd"; sourceTree = SDKROOT; };
		A207A4C120A4863E002AEDB0 /* libz.tbd */ = {isa = PBXFileReference; lastKnownFileType = "sourcecode.text-based-dylib-definition"; name = libz.tbd; path = usr/lib/libz.tbd; sourceTree = SDKROOT; };
		A207A4CA20A4866D002AEDB0 /* License */ = {isa = PBXFileReference; lastKnownFileType = folder; path = License; sourceTree = "<group>"; };
		A207A4CE20A49237002AEDB0 /* MBCameraViewController.swift */ = {isa = PBXFileReference; lastKnownFileType = sourcecode.swift; path = MBCameraViewController.swift; sourceTree = "<group>"; };
/* End PBXFileReference section */

/* Begin PBXFrameworksBuildPhase section */
		A207A49C20A485DF002AEDB0 /* Frameworks */ = {
			isa = PBXFrameworksBuildPhase;
			buildActionMask = 2147483647;
			files = (
				184958E620AD8F4800F27C8D /* MicroBlink.framework in Frameworks */,
				A207A4BC20A4861D002AEDB0 /* CoreMedia.framework in Frameworks */,
				A207A4BA20A48616002AEDB0 /* AudioToolbox.framework in Frameworks */,
				A207A4B820A4860F002AEDB0 /* AVFoundation.framework in Frameworks */,
				A207A4B620A4860A002AEDB0 /* Accelerate.framework in Frameworks */,
				A207A4C220A4863E002AEDB0 /* libz.tbd in Frameworks */,
				A207A4C020A48633002AEDB0 /* libc++.tbd in Frameworks */,
				A207A4BE20A4862D002AEDB0 /* libiconv.tbd in Frameworks */,
			);
			runOnlyForDeploymentPostprocessing = 0;
		};
/* End PBXFrameworksBuildPhase section */

/* Begin PBXGroup section */
		A207A49620A485DF002AEDB0 = {
			isa = PBXGroup;
			children = (
				A207A4A120A485DF002AEDB0 /* DirectAPI-sample-Swift */,
				A207A4A020A485DF002AEDB0 /* Products */,
				A207A4B420A4860A002AEDB0 /* Frameworks */,
			);
			sourceTree = "<group>";
		};
		A207A4A020A485DF002AEDB0 /* Products */ = {
			isa = PBXGroup;
			children = (
				A207A49F20A485DF002AEDB0 /* DirectAPI-sample-Swift.app */,
			);
			name = Products;
			sourceTree = "<group>";
		};
		A207A4A120A485DF002AEDB0 /* DirectAPI-sample-Swift */ = {
			isa = PBXGroup;
			children = (
				A207A4CA20A4866D002AEDB0 /* License */,
				A207A4A220A485DF002AEDB0 /* AppDelegate.swift */,
				A207A4A420A485DF002AEDB0 /* ViewController.swift */,
				A207A4CE20A49237002AEDB0 /* MBCameraViewController.swift */,
				A207A4A620A485DF002AEDB0 /* Main.storyboard */,
				A207A4A920A485E0002AEDB0 /* Assets.xcassets */,
				A207A4AB20A485E0002AEDB0 /* LaunchScreen.storyboard */,
				A207A4AE20A485E0002AEDB0 /* Info.plist */,
			);
			path = "DirectAPI-sample-Swift";
			sourceTree = "<group>";
		};
		A207A4B420A4860A002AEDB0 /* Frameworks */ = {
			isa = PBXGroup;
			children = (
				184958E320AD8F4800F27C8D /* MicroBlink.bundle */,
				184958E420AD8F4800F27C8D /* MicroBlink.framework */,
				A207A4BB20A4861C002AEDB0 /* CoreMedia.framework */,
				A207A4B920A48616002AEDB0 /* AudioToolbox.framework */,
				A207A4B720A4860F002AEDB0 /* AVFoundation.framework */,
				A207A4B520A4860A002AEDB0 /* Accelerate.framework */,
				A207A4C120A4863E002AEDB0 /* libz.tbd */,
				A207A4BF20A48633002AEDB0 /* libc++.tbd */,
				A207A4BD20A4862D002AEDB0 /* libiconv.tbd */,
			);
			name = Frameworks;
			sourceTree = "<group>";
		};
/* End PBXGroup section */

/* Begin PBXNativeTarget section */
		A207A49E20A485DF002AEDB0 /* DirectAPI-sample-Swift */ = {
			isa = PBXNativeTarget;
			buildConfigurationList = A207A4B120A485E0002AEDB0 /* Build configuration list for PBXNativeTarget "DirectAPI-sample-Swift" */;
			buildPhases = (
				A207A49B20A485DF002AEDB0 /* Sources */,
				A207A49C20A485DF002AEDB0 /* Frameworks */,
				A207A49D20A485DF002AEDB0 /* Resources */,
				A207A4C920A48650002AEDB0 /* Embed Frameworks */,
			);
			buildRules = (
			);
			dependencies = (
			);
			name = "DirectAPI-sample-Swift";
			productName = "DirectAPI-sample-Swift";
			productReference = A207A49F20A485DF002AEDB0 /* DirectAPI-sample-Swift.app */;
			productType = "com.apple.product-type.application";
		};
/* End PBXNativeTarget section */

/* Begin PBXProject section */
		A207A49720A485DF002AEDB0 /* Project object */ = {
			isa = PBXProject;
			attributes = {
				LastSwiftUpdateCheck = 0930;
				LastUpgradeCheck = 0930;
				ORGANIZATIONNAME = Microblink;
				TargetAttributes = {
					A207A49E20A485DF002AEDB0 = {
						CreatedOnToolsVersion = 9.3;
					};
				};
			};
			buildConfigurationList = A207A49A20A485DF002AEDB0 /* Build configuration list for PBXProject "DirectAPI-sample-Swift" */;
			compatibilityVersion = "Xcode 9.3";
			developmentRegion = en;
			hasScannedForEncodings = 0;
			knownRegions = (
				en,
				Base,
			);
			mainGroup = A207A49620A485DF002AEDB0;
			productRefGroup = A207A4A020A485DF002AEDB0 /* Products */;
			projectDirPath = "";
			projectRoot = "";
			targets = (
				A207A49E20A485DF002AEDB0 /* DirectAPI-sample-Swift */,
			);
		};
/* End PBXProject section */

/* Begin PBXResourcesBuildPhase section */
		A207A49D20A485DF002AEDB0 /* Resources */ = {
			isa = PBXResourcesBuildPhase;
			buildActionMask = 2147483647;
			files = (
				184958E520AD8F4800F27C8D /* MicroBlink.bundle in Resources */,
				A207A4AD20A485E0002AEDB0 /* LaunchScreen.storyboard in Resources */,
				A207A4AA20A485E0002AEDB0 /* Assets.xcassets in Resources */,
				A207A4A820A485DF002AEDB0 /* Main.storyboard in Resources */,
				A207A4CB20A4866D002AEDB0 /* License in Resources */,
			);
			runOnlyForDeploymentPostprocessing = 0;
		};
/* End PBXResourcesBuildPhase section */

/* Begin PBXSourcesBuildPhase section */
		A207A49B20A485DF002AEDB0 /* Sources */ = {
			isa = PBXSourcesBuildPhase;
			buildActionMask = 2147483647;
			files = (
				A207A4A520A485DF002AEDB0 /* ViewController.swift in Sources */,
				A207A4A320A485DF002AEDB0 /* AppDelegate.swift in Sources */,
				A207A4CF20A49237002AEDB0 /* MBCameraViewController.swift in Sources */,
			);
			runOnlyForDeploymentPostprocessing = 0;
		};
/* End PBXSourcesBuildPhase section */

/* Begin PBXVariantGroup section */
		A207A4A620A485DF002AEDB0 /* Main.storyboard */ = {
			isa = PBXVariantGroup;
			children = (
				A207A4A720A485DF002AEDB0 /* Base */,
			);
			name = Main.storyboard;
			sourceTree = "<group>";
		};
		A207A4AB20A485E0002AEDB0 /* LaunchScreen.storyboard */ = {
			isa = PBXVariantGroup;
			children = (
				A207A4AC20A485E0002AEDB0 /* Base */,
			);
			name = LaunchScreen.storyboard;
			sourceTree = "<group>";
		};
/* End PBXVariantGroup section */

/* Begin XCBuildConfiguration section */
		A207A4AF20A485E0002AEDB0 /* Debug */ = {
			isa = XCBuildConfiguration;
			buildSettings = {
				ALWAYS_SEARCH_USER_PATHS = NO;
				CLANG_ANALYZER_NONNULL = YES;
				CLANG_ANALYZER_NUMBER_OBJECT_CONVERSION = YES_AGGRESSIVE;
				CLANG_CXX_LANGUAGE_STANDARD = "gnu++14";
				CLANG_CXX_LIBRARY = "libc++";
				CLANG_ENABLE_MODULES = YES;
				CLANG_ENABLE_OBJC_ARC = YES;
				CLANG_ENABLE_OBJC_WEAK = YES;
				CLANG_WARN_BLOCK_CAPTURE_AUTORELEASING = YES;
				CLANG_WARN_BOOL_CONVERSION = YES;
				CLANG_WARN_COMMA = YES;
				CLANG_WARN_CONSTANT_CONVERSION = YES;
				CLANG_WARN_DEPRECATED_OBJC_IMPLEMENTATIONS = YES;
				CLANG_WARN_DIRECT_OBJC_ISA_USAGE = YES_ERROR;
				CLANG_WARN_DOCUMENTATION_COMMENTS = YES;
				CLANG_WARN_EMPTY_BODY = YES;
				CLANG_WARN_ENUM_CONVERSION = YES;
				CLANG_WARN_INFINITE_RECURSION = YES;
				CLANG_WARN_INT_CONVERSION = YES;
				CLANG_WARN_NON_LITERAL_NULL_CONVERSION = YES;
				CLANG_WARN_OBJC_IMPLICIT_RETAIN_SELF = YES;
				CLANG_WARN_OBJC_LITERAL_CONVERSION = YES;
				CLANG_WARN_OBJC_ROOT_CLASS = YES_ERROR;
				CLANG_WARN_RANGE_LOOP_ANALYSIS = YES;
				CLANG_WARN_STRICT_PROTOTYPES = YES;
				CLANG_WARN_SUSPICIOUS_MOVE = YES;
				CLANG_WARN_UNGUARDED_AVAILABILITY = YES_AGGRESSIVE;
				CLANG_WARN_UNREACHABLE_CODE = YES;
				CLANG_WARN__DUPLICATE_METHOD_MATCH = YES;
				CODE_SIGN_IDENTITY = "iPhone Developer";
				COPY_PHASE_STRIP = NO;
				DEBUG_INFORMATION_FORMAT = dwarf;
				ENABLE_STRICT_OBJC_MSGSEND = YES;
				ENABLE_TESTABILITY = YES;
				GCC_C_LANGUAGE_STANDARD = gnu11;
				GCC_DYNAMIC_NO_PIC = NO;
				GCC_NO_COMMON_BLOCKS = YES;
				GCC_OPTIMIZATION_LEVEL = 0;
				GCC_PREPROCESSOR_DEFINITIONS = (
					"DEBUG=1",
					"$(inherited)",
				);
				GCC_WARN_64_TO_32_BIT_CONVERSION = YES;
				GCC_WARN_ABOUT_RETURN_TYPE = YES_ERROR;
				GCC_WARN_UNDECLARED_SELECTOR = YES;
				GCC_WARN_UNINITIALIZED_AUTOS = YES_AGGRESSIVE;
				GCC_WARN_UNUSED_FUNCTION = YES;
				GCC_WARN_UNUSED_VARIABLE = YES;
				IPHONEOS_DEPLOYMENT_TARGET = 11.3;
				MTL_ENABLE_DEBUG_INFO = YES;
				ONLY_ACTIVE_ARCH = YES;
				SDKROOT = iphoneos;
				SWIFT_ACTIVE_COMPILATION_CONDITIONS = DEBUG;
				SWIFT_OPTIMIZATION_LEVEL = "-Onone";
			};
			name = Debug;
		};
		A207A4B020A485E0002AEDB0 /* Release */ = {
			isa = XCBuildConfiguration;
			buildSettings = {
				ALWAYS_SEARCH_USER_PATHS = NO;
				CLANG_ANALYZER_NONNULL = YES;
				CLANG_ANALYZER_NUMBER_OBJECT_CONVERSION = YES_AGGRESSIVE;
				CLANG_CXX_LANGUAGE_STANDARD = "gnu++14";
				CLANG_CXX_LIBRARY = "libc++";
				CLANG_ENABLE_MODULES = YES;
				CLANG_ENABLE_OBJC_ARC = YES;
				CLANG_ENABLE_OBJC_WEAK = YES;
				CLANG_WARN_BLOCK_CAPTURE_AUTORELEASING = YES;
				CLANG_WARN_BOOL_CONVERSION = YES;
				CLANG_WARN_COMMA = YES;
				CLANG_WARN_CONSTANT_CONVERSION = YES;
				CLANG_WARN_DEPRECATED_OBJC_IMPLEMENTATIONS = YES;
				CLANG_WARN_DIRECT_OBJC_ISA_USAGE = YES_ERROR;
				CLANG_WARN_DOCUMENTATION_COMMENTS = YES;
				CLANG_WARN_EMPTY_BODY = YES;
				CLANG_WARN_ENUM_CONVERSION = YES;
				CLANG_WARN_INFINITE_RECURSION = YES;
				CLANG_WARN_INT_CONVERSION = YES;
				CLANG_WARN_NON_LITERAL_NULL_CONVERSION = YES;
				CLANG_WARN_OBJC_IMPLICIT_RETAIN_SELF = YES;
				CLANG_WARN_OBJC_LITERAL_CONVERSION = YES;
				CLANG_WARN_OBJC_ROOT_CLASS = YES_ERROR;
				CLANG_WARN_RANGE_LOOP_ANALYSIS = YES;
				CLANG_WARN_STRICT_PROTOTYPES = YES;
				CLANG_WARN_SUSPICIOUS_MOVE = YES;
				CLANG_WARN_UNGUARDED_AVAILABILITY = YES_AGGRESSIVE;
				CLANG_WARN_UNREACHABLE_CODE = YES;
				CLANG_WARN__DUPLICATE_METHOD_MATCH = YES;
				CODE_SIGN_IDENTITY = "iPhone Developer";
				COPY_PHASE_STRIP = NO;
				DEBUG_INFORMATION_FORMAT = "dwarf-with-dsym";
				ENABLE_NS_ASSERTIONS = NO;
				ENABLE_STRICT_OBJC_MSGSEND = YES;
				GCC_C_LANGUAGE_STANDARD = gnu11;
				GCC_NO_COMMON_BLOCKS = YES;
				GCC_WARN_64_TO_32_BIT_CONVERSION = YES;
				GCC_WARN_ABOUT_RETURN_TYPE = YES_ERROR;
				GCC_WARN_UNDECLARED_SELECTOR = YES;
				GCC_WARN_UNINITIALIZED_AUTOS = YES_AGGRESSIVE;
				GCC_WARN_UNUSED_FUNCTION = YES;
				GCC_WARN_UNUSED_VARIABLE = YES;
				IPHONEOS_DEPLOYMENT_TARGET = 11.3;
				MTL_ENABLE_DEBUG_INFO = NO;
				SDKROOT = iphoneos;
				SWIFT_COMPILATION_MODE = wholemodule;
				SWIFT_OPTIMIZATION_LEVEL = "-O";
				VALIDATE_PRODUCT = YES;
			};
			name = Release;
		};
		A207A4B220A485E0002AEDB0 /* Debug */ = {
			isa = XCBuildConfiguration;
			buildSettings = {
				ASSETCATALOG_COMPILER_APPICON_NAME = AppIcon;
				CODE_SIGN_STYLE = Automatic;
				DEVELOPMENT_TEAM = CQTJWP89J7;
				FRAMEWORK_SEARCH_PATHS = ../../;
				INFOPLIST_FILE = "DirectAPI-sample-Swift/Info.plist";
				LD_RUNPATH_SEARCH_PATHS = (
					"$(inherited)",
					"@executable_path/Frameworks",
				);
				PRODUCT_BUNDLE_IDENTIFIER = "com.microblink.DirectAPI-sample-Swift";
				PRODUCT_NAME = "$(TARGET_NAME)";
				SWIFT_VERSION = 4.0;
				TARGETED_DEVICE_FAMILY = "1,2";
			};
			name = Debug;
		};
		A207A4B320A485E0002AEDB0 /* Release */ = {
			isa = XCBuildConfiguration;
			buildSettings = {
				ASSETCATALOG_COMPILER_APPICON_NAME = AppIcon;
				CODE_SIGN_STYLE = Automatic;
				DEVELOPMENT_TEAM = CQTJWP89J7;
				FRAMEWORK_SEARCH_PATHS = ../../;
				INFOPLIST_FILE = "DirectAPI-sample-Swift/Info.plist";
				LD_RUNPATH_SEARCH_PATHS = (
					"$(inherited)",
					"@executable_path/Frameworks",
				);
				PRODUCT_BUNDLE_IDENTIFIER = "com.microblink.DirectAPI-sample-Swift";
				PRODUCT_NAME = "$(TARGET_NAME)";
				SWIFT_VERSION = 4.0;
				TARGETED_DEVICE_FAMILY = "1,2";
			};
			name = Release;
		};
/* End XCBuildConfiguration section */

/* Begin XCConfigurationList section */
		A207A49A20A485DF002AEDB0 /* Build configuration list for PBXProject "DirectAPI-sample-Swift" */ = {
			isa = XCConfigurationList;
			buildConfigurations = (
				A207A4AF20A485E0002AEDB0 /* Debug */,
				A207A4B020A485E0002AEDB0 /* Release */,
			);
			defaultConfigurationIsVisible = 0;
			defaultConfigurationName = Release;
		};
		A207A4B120A485E0002AEDB0 /* Build configuration list for PBXNativeTarget "DirectAPI-sample-Swift" */ = {
			isa = XCConfigurationList;
			buildConfigurations = (
				A207A4B220A485E0002AEDB0 /* Debug */,
				A207A4B320A485E0002AEDB0 /* Release */,
			);
			defaultConfigurationIsVisible = 0;
			defaultConfigurationName = Release;
		};
/* End XCConfigurationList section */
	};
	rootObject = A207A49720A485DF002AEDB0 /* Project object */;
}
